
Microsoft Visual Studio Solution File, Format Version 12.00
# Visual Studio 15
VisualStudioVersion = 15.0.27703.2042
MinimumVisualStudioVersion = 10.0.40219.1
Project("{FAE04EC0-301F-11D3-BF4B-00C04F79EFBC}") = "EventDemo", "EventDemo\EventDemo.csproj", "{8BB1682E-5479-4E01-8A69-C0983287E5B4}"
EndProject
Global
	GlobalSection(SolutionConfigurationPlatforms) = preSolution
		Debug|Any CPU = Debug|Any CPU
		Release|Any CPU = Release|Any CPU
	EndGlobalSection
	GlobalSection(ProjectConfigurationPlatforms) = postSolution
		{8BB1682E-5479-4E01-8A69-C0983287E5B4}.Debug|Any CPU.ActiveCfg = Debug|Any CPU
		{8BB1682E-5479-4E01-8A69-C0983287E5B4}.Debug|Any CPU.Build.0 = Debug|Any CPU
		{8BB1682E-5479-4E01-8A69-C0983287E5B4}.Release|Any CPU.ActiveCfg = Release|Any CPU
		{8BB1682E-5479-4E01-8A69-C0983287E5B4}.Release|Any CPU.Build.0 = Release|Any CPU
	EndGlobalSection
	GlobalSection(SolutionProperties) = preSolution
		HideSolutionNode = FALSE
	EndGlobalSection
	GlobalSection(ExtensibilityGlobals) = postSolution
		SolutionGuid = {0D301A0B-F4F8-40E7-8020-CF99D01EFA0D}
	EndGlobalSection
EndGlobal
