
Microsoft Visual Studio Solution File, Format Version 12.00
# Visual Studio 15
VisualStudioVersion = 15.0.27703.2042
MinimumVisualStudioVersion = 10.0.40219.1
Project("{FAE04EC0-301F-11D3-BF4B-00C04F79EFBC}") = "LINQDemo_A", "LINQDemo_A\LINQDemo_A.csproj", "{B7272449-04C0-4CD9-A983-4A32B4D938AA}"
EndProject
Global
	GlobalSection(SolutionConfigurationPlatforms) = preSolution
		Debug|Any CPU = Debug|Any CPU
		Release|Any CPU = Release|Any CPU
	EndGlobalSection
	GlobalSection(ProjectConfigurationPlatforms) = postSolution
		{B7272449-04C0-4CD9-A983-4A32B4D938AA}.Debug|Any CPU.ActiveCfg = Debug|Any CPU
		{B7272449-04C0-4CD9-A983-4A32B4D938AA}.Debug|Any CPU.Build.0 = Debug|Any CPU
		{B7272449-04C0-4CD9-A983-4A32B4D938AA}.Release|Any CPU.ActiveCfg = Release|Any CPU
		{B7272449-04C0-4CD9-A983-4A32B4D938AA}.Release|Any CPU.Build.0 = Release|Any CPU
	EndGlobalSection
	GlobalSection(SolutionProperties) = preSolution
		HideSolutionNode = FALSE
	EndGlobalSection
	GlobalSection(ExtensibilityGlobals) = postSolution
		SolutionGuid = {7DAC6E2E-CCED-4888-9F35-F7B6FCEB8808}
	EndGlobalSection
EndGlobal
